
Microsoft Visual Studio Solution File, Format Version 12.00
# Visual Studio Version 17
VisualStudioVersion = 17.14.35806.103 d17.14
MinimumVisualStudioVersion = 10.0.40219.1
Project("{FAE04EC0-301F-11D3-BF4B-00C04F79EFBC}") = "Veritabanisifreleme", "Veritabanisifreleme\Veritabanisifreleme.csproj", "{56858AB4-1BF1-4A27-BD7C-3E456B6E1B33}"
EndProject
Global
	GlobalSection(SolutionConfigurationPlatforms) = preSolution
		Debug|Any CPU = Debug|Any CPU
		Release|Any CPU = Release|Any CPU
	EndGlobalSection
	GlobalSection(ProjectConfigurationPlatforms) = postSolution
		{56858AB4-1BF1-4A27-BD7C-3E456B6E1B33}.Debug|Any CPU.ActiveCfg = Debug|Any CPU
		{56858AB4-1BF1-4A27-BD7C-3E456B6E1B33}.Debug|Any CPU.Build.0 = Debug|Any CPU
		{56858AB4-1BF1-4A27-BD7C-3E456B6E1B33}.Release|Any CPU.ActiveCfg = Release|Any CPU
		{56858AB4-1BF1-4A27-BD7C-3E456B6E1B33}.Release|Any CPU.Build.0 = Release|Any CPU
	EndGlobalSection
	GlobalSection(SolutionProperties) = preSolution
		HideSolutionNode = FALSE
	EndGlobalSection
	GlobalSection(ExtensibilityGlobals) = postSolution
		SolutionGuid = {5F2C7EF8-B0CD-44FF-A683-BB0170258FD7}
	EndGlobalSection
EndGlobal
