
Microsoft Visual Studio Solution File, Format Version 12.00
# Visual Studio Version 17
VisualStudioVersion = 17.14.36401.2 d17.14
MinimumVisualStudioVersion = 10.0.40219.1
Project("{FAE04EC0-301F-11D3-BF4B-00C04F79EFBC}") = "MALIYETLENDIRMESISTEMI", "MALIYETLENDIRMESISTEMI\MALIYETLENDIRMESISTEMI.csproj", "{A28D125B-9864-46B5-9326-D56A746D7E21}"
EndProject
Global
	GlobalSection(SolutionConfigurationPlatforms) = preSolution
		Debug|Any CPU = Debug|Any CPU
		Release|Any CPU = Release|Any CPU
	EndGlobalSection
	GlobalSection(ProjectConfigurationPlatforms) = postSolution
		{A28D125B-9864-46B5-9326-D56A746D7E21}.Debug|Any CPU.ActiveCfg = Debug|Any CPU
		{A28D125B-9864-46B5-9326-D56A746D7E21}.Debug|Any CPU.Build.0 = Debug|Any CPU
		{A28D125B-9864-46B5-9326-D56A746D7E21}.Release|Any CPU.ActiveCfg = Release|Any CPU
		{A28D125B-9864-46B5-9326-D56A746D7E21}.Release|Any CPU.Build.0 = Release|Any CPU
	EndGlobalSection
	GlobalSection(SolutionProperties) = preSolution
		HideSolutionNode = FALSE
	EndGlobalSection
	GlobalSection(ExtensibilityGlobals) = postSolution
		SolutionGuid = {7083E141-226F-4502-9A01-E9A919652D70}
	EndGlobalSection
EndGlobal
