
Microsoft Visual Studio Solution File, Format Version 12.00
# Visual Studio Version 17
VisualStudioVersion = 17.14.35806.103 d17.14
MinimumVisualStudioVersion = 10.0.40219.1
Project("{FAE04EC0-301F-11D3-BF4B-00C04F79EFBC}") = "ikiboyutlunesnelerhareket", "ikiboyutlunesnelerhareket\ikiboyutlunesnelerhareket.csproj", "{469D8D18-1B65-4C44-AFD3-ABA34CD6B03C}"
EndProject
Global
	GlobalSection(SolutionConfigurationPlatforms) = preSolution
		Debug|Any CPU = Debug|Any CPU
		Release|Any CPU = Release|Any CPU
	EndGlobalSection
	GlobalSection(ProjectConfigurationPlatforms) = postSolution
		{469D8D18-1B65-4C44-AFD3-ABA34CD6B03C}.Debug|Any CPU.ActiveCfg = Debug|Any CPU
		{469D8D18-1B65-4C44-AFD3-ABA34CD6B03C}.Debug|Any CPU.Build.0 = Debug|Any CPU
		{469D8D18-1B65-4C44-AFD3-ABA34CD6B03C}.Release|Any CPU.ActiveCfg = Release|Any CPU
		{469D8D18-1B65-4C44-AFD3-ABA34CD6B03C}.Release|Any CPU.Build.0 = Release|Any CPU
	EndGlobalSection
	GlobalSection(SolutionProperties) = preSolution
		HideSolutionNode = FALSE
	EndGlobalSection
	GlobalSection(ExtensibilityGlobals) = postSolution
		SolutionGuid = {FE5A1799-4F69-421D-8589-CAD2B8955B93}
	EndGlobalSection
EndGlobal
