
Microsoft Visual Studio Solution File, Format Version 12.00
# Visual Studio Version 17
VisualStudioVersion = 17.14.35806.103 d17.14
MinimumVisualStudioVersion = 10.0.40219.1
Project("{FAE04EC0-301F-11D3-BF4B-00C04F79EFBC}") = "Proje_SQL_DB", "Proje_SQL_DB\Proje_SQL_DB.csproj", "{6F433193-DEAB-48B3-A201-4D3049D18259}"
EndProject
Global
	GlobalSection(SolutionConfigurationPlatforms) = preSolution
		Debug|Any CPU = Debug|Any CPU
		Release|Any CPU = Release|Any CPU
	EndGlobalSection
	GlobalSection(ProjectConfigurationPlatforms) = postSolution
		{6F433193-DEAB-48B3-A201-4D3049D18259}.Debug|Any CPU.ActiveCfg = Debug|Any CPU
		{6F433193-DEAB-48B3-A201-4D3049D18259}.Debug|Any CPU.Build.0 = Debug|Any CPU
		{6F433193-DEAB-48B3-A201-4D3049D18259}.Release|Any CPU.ActiveCfg = Release|Any CPU
		{6F433193-DEAB-48B3-A201-4D3049D18259}.Release|Any CPU.Build.0 = Release|Any CPU
	EndGlobalSection
	GlobalSection(SolutionProperties) = preSolution
		HideSolutionNode = FALSE
	EndGlobalSection
	GlobalSection(ExtensibilityGlobals) = postSolution
		SolutionGuid = {192CB68C-21EA-4F0C-8E9A-BF3043116AAA}
	EndGlobalSection
EndGlobal
