
Microsoft Visual Studio Solution File, Format Version 12.00
# Visual Studio Version 17
VisualStudioVersion = 17.14.35806.103 d17.14
MinimumVisualStudioVersion = 10.0.40219.1
Project("{FAE04EC0-301F-11D3-BF4B-00C04F79EFBC}") = "MESAJPROGRAMI", "MESAJPROGRAMI\MESAJPROGRAMI.csproj", "{ADD2AFD7-E2C1-4609-866E-8C64623A95AE}"
EndProject
Global
	GlobalSection(SolutionConfigurationPlatforms) = preSolution
		Debug|Any CPU = Debug|Any CPU
		Release|Any CPU = Release|Any CPU
	EndGlobalSection
	GlobalSection(ProjectConfigurationPlatforms) = postSolution
		{ADD2AFD7-E2C1-4609-866E-8C64623A95AE}.Debug|Any CPU.ActiveCfg = Debug|Any CPU
		{ADD2AFD7-E2C1-4609-866E-8C64623A95AE}.Debug|Any CPU.Build.0 = Debug|Any CPU
		{ADD2AFD7-E2C1-4609-866E-8C64623A95AE}.Release|Any CPU.ActiveCfg = Release|Any CPU
		{ADD2AFD7-E2C1-4609-866E-8C64623A95AE}.Release|Any CPU.Build.0 = Release|Any CPU
	EndGlobalSection
	GlobalSection(SolutionProperties) = preSolution
		HideSolutionNode = FALSE
	EndGlobalSection
	GlobalSection(ExtensibilityGlobals) = postSolution
		SolutionGuid = {285C74E7-D087-4F8E-93D5-58C9F8F3E550}
	EndGlobalSection
EndGlobal
